// !$*UTF8*$!
{
	archiveVersion = 1;
	classes = {
	};
	objectVersion = 50;
	objects = {

/* Begin PBXBuildFile section */
		6544302D247D8CF9007CAA81 /* AppDelegate.swift in Sources */ = {isa = PBXBuildFile; fileRef = 6544302C247D8CF9007CAA81 /* AppDelegate.swift */; };
		6544302F247D8CF9007CAA81 /* SceneDelegate.swift in Sources */ = {isa = PBXBuildFile; fileRef = 6544302E247D8CF9007CAA81 /* SceneDelegate.swift */; };
		65443031247D8CF9007CAA81 /* ViewController.swift in Sources */ = {isa = PBXBuildFile; fileRef = 65443030247D8CF9007CAA81 /* ViewController.swift */; };
		65443034247D8CF9007CAA81 /* Main.storyboard in Resources */ = {isa = PBXBuildFile; fileRef = 65443032247D8CF9007CAA81 /* Main.storyboard */; };
		65443036247D8CFB007CAA81 /* Assets.xcassets in Resources */ = {isa = PBXBuildFile; fileRef = 65443035247D8CFB007CAA81 /* Assets.xcassets */; };
		65443039247D8CFB007CAA81 /* LaunchScreen.storyboard in Resources */ = {isa = PBXBuildFile; fileRef = 65443037247D8CFB007CAA81 /* LaunchScreen.storyboard */; };
		65443047247D8D37007CAA81 /* AppDelegate.swift in Sources */ = {isa = PBXBuildFile; fileRef = 65443046247D8D37007CAA81 /* AppDelegate.swift */; };
		65443049247D8D37007CAA81 /* SceneDelegate.swift in Sources */ = {isa = PBXBuildFile; fileRef = 65443048247D8D37007CAA81 /* SceneDelegate.swift */; };
		6544304B247D8D37007CAA81 /* ViewController.swift in Sources */ = {isa = PBXBuildFile; fileRef = 6544304A247D8D37007CAA81 /* ViewController.swift */; };
		6544304E247D8D37007CAA81 /* Main.storyboard in Resources */ = {isa = PBXBuildFile; fileRef = 6544304C247D8D37007CAA81 /* Main.storyboard */; };
		65443053247D8D39007CAA81 /* LaunchScreen.storyboard in Resources */ = {isa = PBXBuildFile; fileRef = 65443051247D8D39007CAA81 /* LaunchScreen.storyboard */; };
		65443059247D8D61007CAA81 /* Assets.xcassets in Resources */ = {isa = PBXBuildFile; fileRef = 65443035247D8CFB007CAA81 /* Assets.xcassets */; };
/* End PBXBuildFile section */

/* Begin PBXFileReference section */
		65443029247D8CF9007CAA81 /* Shopper.app */ = {isa = PBXFileReference; explicitFileType = wrapper.application; includeInIndex = 0; path = Shopper.app; sourceTree = BUILT_PRODUCTS_DIR; };
		6544302C247D8CF9007CAA81 /* AppDelegate.swift */ = {isa = PBXFileReference; lastKnownFileType = sourcecode.swift; path = AppDelegate.swift; sourceTree = "<group>"; };
		6544302E247D8CF9007CAA81 /* SceneDelegate.swift */ = {isa = PBXFileReference; lastKnownFileType = sourcecode.swift; path = SceneDelegate.swift; sourceTree = "<group>"; };
		65443030247D8CF9007CAA81 /* ViewController.swift */ = {isa = PBXFileReference; lastKnownFileType = sourcecode.swift; path = ViewController.swift; sourceTree = "<group>"; };
		65443033247D8CF9007CAA81 /* Base */ = {isa = PBXFileReference; lastKnownFileType = file.storyboard; name = Base; path = Base.lproj/Main.storyboard; sourceTree = "<group>"; };
		65443035247D8CFB007CAA81 /* Assets.xcassets */ = {isa = PBXFileReference; lastKnownFileType = folder.assetcatalog; path = Assets.xcassets; sourceTree = "<group>"; };
		65443038247D8CFB007CAA81 /* Base */ = {isa = PBXFileReference; lastKnownFileType = file.storyboard; name = Base; path = Base.lproj/LaunchScreen.storyboard; sourceTree = "<group>"; };
		6544303A247D8CFB007CAA81 /* Info.plist */ = {isa = PBXFileReference; lastKnownFileType = text.plist.xml; path = Info.plist; sourceTree = "<group>"; };
		65443044247D8D37007CAA81 /* ShopperAdmin.app */ = {isa = PBXFileReference; explicitFileType = wrapper.application; includeInIndex = 0; path = ShopperAdmin.app; sourceTree = BUILT_PRODUCTS_DIR; };
		65443046247D8D37007CAA81 /* AppDelegate.swift */ = {isa = PBXFileReference; lastKnownFileType = sourcecode.swift; path = AppDelegate.swift; sourceTree = "<group>"; };
		65443048247D8D37007CAA81 /* SceneDelegate.swift */ = {isa = PBXFileReference; lastKnownFileType = sourcecode.swift; path = SceneDelegate.swift; sourceTree = "<group>"; };
		6544304A247D8D37007CAA81 /* ViewController.swift */ = {isa = PBXFileReference; lastKnownFileType = sourcecode.swift; path = ViewController.swift; sourceTree = "<group>"; };
		6544304D247D8D37007CAA81 /* Base */ = {isa = PBXFileReference; lastKnownFileType = file.storyboard; name = Base; path = Base.lproj/Main.storyboard; sourceTree = "<group>"; };
		65443052247D8D39007CAA81 /* Base */ = {isa = PBXFileReference; lastKnownFileType = file.storyboard; name = Base; path = Base.lproj/LaunchScreen.storyboard; sourceTree = "<group>"; };
		65443054247D8D39007CAA81 /* Info.plist */ = {isa = PBXFileReference; lastKnownFileType = text.plist.xml; path = Info.plist; sourceTree = "<group>"; };
/* End PBXFileReference section */

/* Begin PBXFrameworksBuildPhase section */
		65443026247D8CF9007CAA81 /* Frameworks */ = {
			isa = PBXFrameworksBuildPhase;
			buildActionMask = 2147483647;
			files = (
			);
			runOnlyForDeploymentPostprocessing = 0;
		};
		65443041247D8D37007CAA81 /* Frameworks */ = {
			isa = PBXFrameworksBuildPhase;
			buildActionMask = 2147483647;
			files = (
			);
			runOnlyForDeploymentPostprocessing = 0;
		};
/* End PBXFrameworksBuildPhase section */

/* Begin PBXGroup section */
		65443020247D8CF8007CAA81 = {
			isa = PBXGroup;
			children = (
				65443058247D8D4C007CAA81 /* Shared */,
				6544302B247D8CF9007CAA81 /* Shopper */,
				65443045247D8D37007CAA81 /* ShopperAdmin */,
				6544302A247D8CF9007CAA81 /* Products */,
			);
			sourceTree = "<group>";
		};
		6544302A247D8CF9007CAA81 /* Products */ = {
			isa = PBXGroup;
			children = (
				65443029247D8CF9007CAA81 /* Shopper.app */,
				65443044247D8D37007CAA81 /* ShopperAdmin.app */,
			);
			name = Products;
			sourceTree = "<group>";
		};
		6544302B247D8CF9007CAA81 /* Shopper */ = {
			isa = PBXGroup;
			children = (
				6544302C247D8CF9007CAA81 /* AppDelegate.swift */,
				6544302E247D8CF9007CAA81 /* SceneDelegate.swift */,
				65443030247D8CF9007CAA81 /* ViewController.swift */,
				65443032247D8CF9007CAA81 /* Main.storyboard */,
				65443037247D8CFB007CAA81 /* LaunchScreen.storyboard */,
				6544303A247D8CFB007CAA81 /* Info.plist */,
			);
			path = Shopper;
			sourceTree = "<group>";
		};
		65443045247D8D37007CAA81 /* ShopperAdmin */ = {
			isa = PBXGroup;
			children = (
				65443046247D8D37007CAA81 /* AppDelegate.swift */,
				65443048247D8D37007CAA81 /* SceneDelegate.swift */,
				6544304A247D8D37007CAA81 /* ViewController.swift */,
				6544304C247D8D37007CAA81 /* Main.storyboard */,
				65443051247D8D39007CAA81 /* LaunchScreen.storyboard */,
				65443054247D8D39007CAA81 /* Info.plist */,
			);
			path = ShopperAdmin;
			sourceTree = "<group>";
		};
		65443058247D8D4C007CAA81 /* Shared */ = {
			isa = PBXGroup;
			children = (
				65443035247D8CFB007CAA81 /* Assets.xcassets */,
			);
			path = Shared;
			sourceTree = "<group>";
		};
/* End PBXGroup section */

/* Begin PBXNativeTarget section */
		65443028247D8CF9007CAA81 /* Shopper */ = {
			isa = PBXNativeTarget;
			buildConfigurationList = 6544303D247D8CFB007CAA81 /* Build configuration list for PBXNativeTarget "Shopper" */;
			buildPhases = (
				65443025247D8CF9007CAA81 /* Sources */,
				65443026247D8CF9007CAA81 /* Frameworks */,
				65443027247D8CF9007CAA81 /* Resources */,
			);
			buildRules = (
			);
			dependencies = (
			);
			name = Shopper;
			productName = Shopper;
			productReference = 65443029247D8CF9007CAA81 /* Shopper.app */;
			productType = "com.apple.product-type.application";
		};
		65443043247D8D37007CAA81 /* ShopperAdmin */ = {
			isa = PBXNativeTarget;
			buildConfigurationList = 65443055247D8D39007CAA81 /* Build configuration list for PBXNativeTarget "ShopperAdmin" */;
			buildPhases = (
				65443040247D8D37007CAA81 /* Sources */,
				65443041247D8D37007CAA81 /* Frameworks */,
				65443042247D8D37007CAA81 /* Resources */,
			);
			buildRules = (
			);
			dependencies = (
			);
			name = ShopperAdmin;
			productName = ShopperAdmin;
			productReference = 65443044247D8D37007CAA81 /* ShopperAdmin.app */;
			productType = "com.apple.product-type.application";
		};
/* End PBXNativeTarget section */

/* Begin PBXProject section */
		65443021247D8CF8007CAA81 /* Project object */ = {
			isa = PBXProject;
			attributes = {
				LastSwiftUpdateCheck = 1130;
				LastUpgradeCheck = 1130;
				ORGANIZATIONNAME = makeurway.com;
				TargetAttributes = {
					65443028247D8CF9007CAA81 = {
						CreatedOnToolsVersion = 11.3.1;
					};
					65443043247D8D37007CAA81 = {
						CreatedOnToolsVersion = 11.3.1;
					};
				};
			};
			buildConfigurationList = 65443024247D8CF8007CAA81 /* Build configuration list for PBXProject "Shopper" */;
			compatibilityVersion = "Xcode 9.3";
			developmentRegion = en;
			hasScannedForEncodings = 0;
			knownRegions = (
				en,
				Base,
			);
			mainGroup = 65443020247D8CF8007CAA81;
			productRefGroup = 6544302A247D8CF9007CAA81 /* Products */;
			projectDirPath = "";
			projectRoot = "";
			targets = (
				65443028247D8CF9007CAA81 /* Shopper */,
				65443043247D8D37007CAA81 /* ShopperAdmin */,
			);
		};
/* End PBXProject section */

/* Begin PBXResourcesBuildPhase section */
		65443027247D8CF9007CAA81 /* Resources */ = {
			isa = PBXResourcesBuildPhase;
			buildActionMask = 2147483647;
			files = (
				65443039247D8CFB007CAA81 /* LaunchScreen.storyboard in Resources */,
				65443036247D8CFB007CAA81 /* Assets.xcassets in Resources */,
				65443034247D8CF9007CAA81 /* Main.storyboard in Resources */,
			);
			runOnlyForDeploymentPostprocessing = 0;
		};
		65443042247D8D37007CAA81 /* Resources */ = {
			isa = PBXResourcesBuildPhase;
			buildActionMask = 2147483647;
			files = (
				65443053247D8D39007CAA81 /* LaunchScreen.storyboard in Resources */,
				65443059247D8D61007CAA81 /* Assets.xcassets in Resources */,
				6544304E247D8D37007CAA81 /* Main.storyboard in Resources */,
			);
			runOnlyForDeploymentPostprocessing = 0;
		};
/* End PBXResourcesBuildPhase section */

/* Begin PBXSourcesBuildPhase section */
		65443025247D8CF9007CAA81 /* Sources */ = {
			isa = PBXSourcesBuildPhase;
			buildActionMask = 2147483647;
			files = (
				65443031247D8CF9007CAA81 /* ViewController.swift in Sources */,
				6544302D247D8CF9007CAA81 /* AppDelegate.swift in Sources */,
				6544302F247D8CF9007CAA81 /* SceneDelegate.swift in Sources */,
			);
			runOnlyForDeploymentPostprocessing = 0;
		};
		65443040247D8D37007CAA81 /* Sources */ = {
			isa = PBXSourcesBuildPhase;
			buildActionMask = 2147483647;
			files = (
				6544304B247D8D37007CAA81 /* ViewController.swift in Sources */,
				65443047247D8D37007CAA81 /* AppDelegate.swift in Sources */,
				65443049247D8D37007CAA81 /* SceneDelegate.swift in Sources */,
			);
			runOnlyForDeploymentPostprocessing = 0;
		};
/* End PBXSourcesBuildPhase section */

/* Begin PBXVariantGroup section */
		65443032247D8CF9007CAA81 /* Main.storyboard */ = {
			isa = PBXVariantGroup;
			children = (
				65443033247D8CF9007CAA81 /* Base */,
			);
			name = Main.storyboard;
			sourceTree = "<group>";
		};
		65443037247D8CFB007CAA81 /* LaunchScreen.storyboard */ = {
			isa = PBXVariantGroup;
			children = (
				65443038247D8CFB007CAA81 /* Base */,
			);
			name = LaunchScreen.storyboard;
			sourceTree = "<group>";
		};
		6544304C247D8D37007CAA81 /* Main.storyboard */ = {
			isa = PBXVariantGroup;
			children = (
				6544304D247D8D37007CAA81 /* Base */,
			);
			name = Main.storyboard;
			sourceTree = "<group>";
		};
		65443051247D8D39007CAA81 /* LaunchScreen.storyboard */ = {
			isa = PBXVariantGroup;
			children = (
				65443052247D8D39007CAA81 /* Base */,
			);
			name = LaunchScreen.storyboard;
			sourceTree = "<group>";
		};
/* End PBXVariantGroup section */

/* Begin XCBuildConfiguration section */
		6544303B247D8CFB007CAA81 /* Debug */ = {
			isa = XCBuildConfiguration;
			buildSettings = {
				ALWAYS_SEARCH_USER_PATHS = NO;
				CLANG_ANALYZER_NONNULL = YES;
				CLANG_ANALYZER_NUMBER_OBJECT_CONVERSION = YES_AGGRESSIVE;
				CLANG_CXX_LANGUAGE_STANDARD = "gnu++14";
				CLANG_CXX_LIBRARY = "libc++";
				CLANG_ENABLE_MODULES = YES;
				CLANG_ENABLE_OBJC_ARC = YES;
				CLANG_ENABLE_OBJC_WEAK = YES;
				CLANG_WARN_BLOCK_CAPTURE_AUTORELEASING = YES;
				CLANG_WARN_BOOL_CONVERSION = YES;
				CLANG_WARN_COMMA = YES;
				CLANG_WARN_CONSTANT_CONVERSION = YES;
				CLANG_WARN_DEPRECATED_OBJC_IMPLEMENTATIONS = YES;
				CLANG_WARN_DIRECT_OBJC_ISA_USAGE = YES_ERROR;
				CLANG_WARN_DOCUMENTATION_COMMENTS = YES;
				CLANG_WARN_EMPTY_BODY = YES;
				CLANG_WARN_ENUM_CONVERSION = YES;
				CLANG_WARN_INFINITE_RECURSION = YES;
				CLANG_WARN_INT_CONVERSION = YES;
				CLANG_WARN_NON_LITERAL_NULL_CONVERSION = YES;
				CLANG_WARN_OBJC_IMPLICIT_RETAIN_SELF = YES;
				CLANG_WARN_OBJC_LITERAL_CONVERSION = YES;
				CLANG_WARN_OBJC_ROOT_CLASS = YES_ERROR;
				CLANG_WARN_RANGE_LOOP_ANALYSIS = YES;
				CLANG_WARN_STRICT_PROTOTYPES = YES;
				CLANG_WARN_SUSPICIOUS_MOVE = YES;
				CLANG_WARN_UNGUARDED_AVAILABILITY = YES_AGGRESSIVE;
				CLANG_WARN_UNREACHABLE_CODE = YES;
				CLANG_WARN__DUPLICATE_METHOD_MATCH = YES;
				COPY_PHASE_STRIP = NO;
				DEBUG_INFORMATION_FORMAT = dwarf;
				ENABLE_STRICT_OBJC_MSGSEND = YES;
				ENABLE_TESTABILITY = YES;
				GCC_C_LANGUAGE_STANDARD = gnu11;
				GCC_DYNAMIC_NO_PIC = NO;
				GCC_NO_COMMON_BLOCKS = YES;
				GCC_OPTIMIZATION_LEVEL = 0;
				GCC_PREPROCESSOR_DEFINITIONS = (
					"DEBUG=1",
					"$(inherited)",
				);
				GCC_WARN_64_TO_32_BIT_CONVERSION = YES;
				GCC_WARN_ABOUT_RETURN_TYPE = YES_ERROR;
				GCC_WARN_UNDECLARED_SELECTOR = YES;
				GCC_WARN_UNINITIALIZED_AUTOS = YES_AGGRESSIVE;
				GCC_WARN_UNUSED_FUNCTION = YES;
				GCC_WARN_UNUSED_VARIABLE = YES;
				IPHONEOS_DEPLOYMENT_TARGET = 13.2;
				MTL_ENABLE_DEBUG_INFO = INCLUDE_SOURCE;
				MTL_FAST_MATH = YES;
				ONLY_ACTIVE_ARCH = YES;
				SDKROOT = iphoneos;
				SWIFT_ACTIVE_COMPILATION_CONDITIONS = DEBUG;
				SWIFT_OPTIMIZATION_LEVEL = "-Onone";
			};
			name = Debug;
		};
		6544303C247D8CFB007CAA81 /* Release */ = {
			isa = XCBuildConfiguration;
			buildSettings = {
				ALWAYS_SEARCH_USER_PATHS = NO;
				CLANG_ANALYZER_NONNULL = YES;
				CLANG_ANALYZER_NUMBER_OBJECT_CONVERSION = YES_AGGRESSIVE;
				CLANG_CXX_LANGUAGE_STANDARD = "gnu++14";
				CLANG_CXX_LIBRARY = "libc++";
				CLANG_ENABLE_MODULES = YES;
				CLANG_ENABLE_OBJC_ARC = YES;
				CLANG_ENABLE_OBJC_WEAK = YES;
				CLANG_WARN_BLOCK_CAPTURE_AUTORELEASING = YES;
				CLANG_WARN_BOOL_CONVERSION = YES;
				CLANG_WARN_COMMA = YES;
				CLANG_WARN_CONSTANT_CONVERSION = YES;
				CLANG_WARN_DEPRECATED_OBJC_IMPLEMENTATIONS = YES;
				CLANG_WARN_DIRECT_OBJC_ISA_USAGE = YES_ERROR;
				CLANG_WARN_DOCUMENTATION_COMMENTS = YES;
				CLANG_WARN_EMPTY_BODY = YES;
				CLANG_WARN_ENUM_CONVERSION = YES;
				CLANG_WARN_INFINITE_RECURSION = YES;
				CLANG_WARN_INT_CONVERSION = YES;
				CLANG_WARN_NON_LITERAL_NULL_CONVERSION = YES;
				CLANG_WARN_OBJC_IMPLICIT_RETAIN_SELF = YES;
				CLANG_WARN_OBJC_LITERAL_CONVERSION = YES;
				CLANG_WARN_OBJC_ROOT_CLASS = YES_ERROR;
				CLANG_WARN_RANGE_LOOP_ANALYSIS = YES;
				CLANG_WARN_STRICT_PROTOTYPES = YES;
				CLANG_WARN_SUSPICIOUS_MOVE = YES;
				CLANG_WARN_UNGUARDED_AVAILABILITY = YES_AGGRESSIVE;
				CLANG_WARN_UNREACHABLE_CODE = YES;
				CLANG_WARN__DUPLICATE_METHOD_MATCH = YES;
				COPY_PHASE_STRIP = NO;
				DEBUG_INFORMATION_FORMAT = "dwarf-with-dsym";
				ENABLE_NS_ASSERTIONS = NO;
				ENABLE_STRICT_OBJC_MSGSEND = YES;
				GCC_C_LANGUAGE_STANDARD = gnu11;
				GCC_NO_COMMON_BLOCKS = YES;
				GCC_WARN_64_TO_32_BIT_CONVERSION = YES;
				GCC_WARN_ABOUT_RETURN_TYPE = YES_ERROR;
				GCC_WARN_UNDECLARED_SELECTOR = YES;
				GCC_WARN_UNINITIALIZED_AUTOS = YES_AGGRESSIVE;
				GCC_WARN_UNUSED_FUNCTION = YES;
				GCC_WARN_UNUSED_VARIABLE = YES;
				IPHONEOS_DEPLOYMENT_TARGET = 13.2;
				MTL_ENABLE_DEBUG_INFO = NO;
				MTL_FAST_MATH = YES;
				SDKROOT = iphoneos;
				SWIFT_COMPILATION_MODE = wholemodule;
				SWIFT_OPTIMIZATION_LEVEL = "-O";
				VALIDATE_PRODUCT = YES;
			};
			name = Release;
		};
		6544303E247D8CFB007CAA81 /* Debug */ = {
			isa = XCBuildConfiguration;
			buildSettings = {
				ASSETCATALOG_COMPILER_APPICON_NAME = AppIcon;
				CODE_SIGN_STYLE = Automatic;
				DEVELOPMENT_TEAM = 5J65KFMVT3;
				INFOPLIST_FILE = Shopper/Info.plist;
				LD_RUNPATH_SEARCH_PATHS = (
					"$(inherited)",
					"@executable_path/Frameworks",
				);
				PRODUCT_BUNDLE_IDENTIFIER = com.makeurway.smartplanner.Shopper;
				PRODUCT_NAME = "$(TARGET_NAME)";
				SWIFT_VERSION = 5.0;
				TARGETED_DEVICE_FAMILY = "1,2";
			};
			name = Debug;
		};
		6544303F247D8CFB007CAA81 /* Release */ = {
			isa = XCBuildConfiguration;
			buildSettings = {
				ASSETCATALOG_COMPILER_APPICON_NAME = AppIcon;
				CODE_SIGN_STYLE = Automatic;
				DEVELOPMENT_TEAM = 5J65KFMVT3;
				INFOPLIST_FILE = Shopper/Info.plist;
				LD_RUNPATH_SEARCH_PATHS = (
					"$(inherited)",
					"@executable_path/Frameworks",
				);
				PRODUCT_BUNDLE_IDENTIFIER = com.makeurway.smartplanner.Shopper;
				PRODUCT_NAME = "$(TARGET_NAME)";
				SWIFT_VERSION = 5.0;
				TARGETED_DEVICE_FAMILY = "1,2";
			};
			name = Release;
		};
		65443056247D8D39007CAA81 /* Debug */ = {
			isa = XCBuildConfiguration;
			buildSettings = {
				ASSETCATALOG_COMPILER_APPICON_NAME = AppIcon;
				CODE_SIGN_STYLE = Automatic;
				DEVELOPMENT_TEAM = 5J65KFMVT3;
				INFOPLIST_FILE = ShopperAdmin/Info.plist;
				LD_RUNPATH_SEARCH_PATHS = (
					"$(inherited)",
					"@executable_path/Frameworks",
				);
				PRODUCT_BUNDLE_IDENTIFIER = com.makeurway.smartplanner.ShopperAdmin;
				PRODUCT_NAME = "$(TARGET_NAME)";
				SWIFT_VERSION = 5.0;
				TARGETED_DEVICE_FAMILY = "1,2";
			};
			name = Debug;
		};
		65443057247D8D39007CAA81 /* Release */ = {
			isa = XCBuildConfiguration;
			buildSettings = {
				ASSETCATALOG_COMPILER_APPICON_NAME = AppIcon;
				CODE_SIGN_STYLE = Automatic;
				DEVELOPMENT_TEAM = 5J65KFMVT3;
				INFOPLIST_FILE = ShopperAdmin/Info.plist;
				LD_RUNPATH_SEARCH_PATHS = (
					"$(inherited)",
					"@executable_path/Frameworks",
				);
				PRODUCT_BUNDLE_IDENTIFIER = com.makeurway.smartplanner.ShopperAdmin;
				PRODUCT_NAME = "$(TARGET_NAME)";
				SWIFT_VERSION = 5.0;
				TARGETED_DEVICE_FAMILY = "1,2";
			};
			name = Release;
		};
/* End XCBuildConfiguration section */

/* Begin XCConfigurationList section */
		65443024247D8CF8007CAA81 /* Build configuration list for PBXProject "Shopper" */ = {
			isa = XCConfigurationList;
			buildConfigurations = (
				6544303B247D8CFB007CAA81 /* Debug */,
				6544303C247D8CFB007CAA81 /* Release */,
			);
			defaultConfigurationIsVisible = 0;
			defaultConfigurationName = Release;
		};
		6544303D247D8CFB007CAA81 /* Build configuration list for PBXNativeTarget "Shopper" */ = {
			isa = XCConfigurationList;
			buildConfigurations = (
				6544303E247D8CFB007CAA81 /* Debug */,
				6544303F247D8CFB007CAA81 /* Release */,
			);
			defaultConfigurationIsVisible = 0;
			defaultConfigurationName = Release;
		};
		65443055247D8D39007CAA81 /* Build configuration list for PBXNativeTarget "ShopperAdmin" */ = {
			isa = XCConfigurationList;
			buildConfigurations = (
				65443056247D8D39007CAA81 /* Debug */,
				65443057247D8D39007CAA81 /* Release */,
			);
			defaultConfigurationIsVisible = 0;
			defaultConfigurationName = Release;
		};
/* End XCConfigurationList section */
	};
	rootObject = 65443021247D8CF8007CAA81 /* Project object */;
}
