// !$*UTF8*$!
{
	archiveVersion = 1;
	classes = {
	};
	objectVersion = 51;
	objects = {

/* Begin PBXBuildFile section */
		006DAFE9280F47E9B2F0AAF4 /* Pods_Shopper.framework in Frameworks */ = {isa = PBXBuildFile; fileRef = 8DC086DD5A4A3F3837B2AE17 /* Pods_Shopper.framework */; };
		6544302D247D8CF9007CAA81 /* AppDelegate.swift in Sources */ = {isa = PBXBuildFile; fileRef = 6544302C247D8CF9007CAA81 /* AppDelegate.swift */; };
		6544302F247D8CF9007CAA81 /* SceneDelegate.swift in Sources */ = {isa = PBXBuildFile; fileRef = 6544302E247D8CF9007CAA81 /* SceneDelegate.swift */; };
		65443031247D8CF9007CAA81 /* ViewController.swift in Sources */ = {isa = PBXBuildFile; fileRef = 65443030247D8CF9007CAA81 /* ViewController.swift */; };
		65443034247D8CF9007CAA81 /* Main.storyboard in Resources */ = {isa = PBXBuildFile; fileRef = 65443032247D8CF9007CAA81 /* Main.storyboard */; };
		65443036247D8CFB007CAA81 /* Assets.xcassets in Resources */ = {isa = PBXBuildFile; fileRef = 65443035247D8CFB007CAA81 /* Assets.xcassets */; };
		65443039247D8CFB007CAA81 /* LaunchScreen.storyboard in Resources */ = {isa = PBXBuildFile; fileRef = 65443037247D8CFB007CAA81 /* LaunchScreen.storyboard */; };
		65443047247D8D37007CAA81 /* AppDelegate.swift in Sources */ = {isa = PBXBuildFile; fileRef = 65443046247D8D37007CAA81 /* AppDelegate.swift */; };
		65443049247D8D37007CAA81 /* SceneDelegate.swift in Sources */ = {isa = PBXBuildFile; fileRef = 65443048247D8D37007CAA81 /* SceneDelegate.swift */; };
		6544304B247D8D37007CAA81 /* ViewController.swift in Sources */ = {isa = PBXBuildFile; fileRef = 6544304A247D8D37007CAA81 /* ViewController.swift */; };
		6544304E247D8D37007CAA81 /* Main.storyboard in Resources */ = {isa = PBXBuildFile; fileRef = 6544304C247D8D37007CAA81 /* Main.storyboard */; };
		65443053247D8D39007CAA81 /* LaunchScreen.storyboard in Resources */ = {isa = PBXBuildFile; fileRef = 65443051247D8D39007CAA81 /* LaunchScreen.storyboard */; };
		65443059247D8D61007CAA81 /* Assets.xcassets in Resources */ = {isa = PBXBuildFile; fileRef = 65443035247D8CFB007CAA81 /* Assets.xcassets */; };
		6544305B247D9AD4007CAA81 /* LoginStoryboard.storyboard in Resources */ = {isa = PBXBuildFile; fileRef = 6544305A247D9AD4007CAA81 /* LoginStoryboard.storyboard */; };
		6544305F247DCFF0007CAA81 /* GoogleService-Info.plist in Resources */ = {isa = PBXBuildFile; fileRef = 6544305E247DCFF0007CAA81 /* GoogleService-Info.plist */; };
		65443061247DD683007CAA81 /* GoogleService-Info.plist in Resources */ = {isa = PBXBuildFile; fileRef = 65443060247DD683007CAA81 /* GoogleService-Info.plist */; };
		65B30769247DE38E007E1087 /* LoginVC.swift in Sources */ = {isa = PBXBuildFile; fileRef = 65B30768247DE38E007E1087 /* LoginVC.swift */; };
		65B3076B247DE3AC007E1087 /* RegisterVC.swift in Sources */ = {isa = PBXBuildFile; fileRef = 65B3076A247DE3AC007E1087 /* RegisterVC.swift */; };
		65B3076D247E0C85007E1087 /* Extension.swift in Sources */ = {isa = PBXBuildFile; fileRef = 65B3076C247E0C85007E1087 /* Extension.swift */; };
		65B30772247E284E007E1087 /* Constant.swift in Sources */ = {isa = PBXBuildFile; fileRef = 65B30771247E284E007E1087 /* Constant.swift */; };
		65B30775247ECAD1007E1087 /* RoundedView.swift in Sources */ = {isa = PBXBuildFile; fileRef = 65B30774247ECAD1007E1087 /* RoundedView.swift */; };
		E2E885B007AF1A59AC4913DD /* Pods_ShopperAdmin.framework in Frameworks */ = {isa = PBXBuildFile; fileRef = 383BB9FC0EBD3A6F2F47550E /* Pods_ShopperAdmin.framework */; };
/* End PBXBuildFile section */

/* Begin PBXFileReference section */
		16A96A45A3AD5ED29BAA103F /* Pods-Shopper.release.xcconfig */ = {isa = PBXFileReference; includeInIndex = 1; lastKnownFileType = text.xcconfig; name = "Pods-Shopper.release.xcconfig"; path = "Target Support Files/Pods-Shopper/Pods-Shopper.release.xcconfig"; sourceTree = "<group>"; };
		20E1C7A5C4C36BBDEEC841A7 /* Pods-Shopper.debug.xcconfig */ = {isa = PBXFileReference; includeInIndex = 1; lastKnownFileType = text.xcconfig; name = "Pods-Shopper.debug.xcconfig"; path = "Target Support Files/Pods-Shopper/Pods-Shopper.debug.xcconfig"; sourceTree = "<group>"; };
		383BB9FC0EBD3A6F2F47550E /* Pods_ShopperAdmin.framework */ = {isa = PBXFileReference; explicitFileType = wrapper.framework; includeInIndex = 0; path = Pods_ShopperAdmin.framework; sourceTree = BUILT_PRODUCTS_DIR; };
		65443029247D8CF9007CAA81 /* Shopper.app */ = {isa = PBXFileReference; explicitFileType = wrapper.application; includeInIndex = 0; path = Shopper.app; sourceTree = BUILT_PRODUCTS_DIR; };
		6544302C247D8CF9007CAA81 /* AppDelegate.swift */ = {isa = PBXFileReference; lastKnownFileType = sourcecode.swift; path = AppDelegate.swift; sourceTree = "<group>"; };
		6544302E247D8CF9007CAA81 /* SceneDelegate.swift */ = {isa = PBXFileReference; lastKnownFileType = sourcecode.swift; path = SceneDelegate.swift; sourceTree = "<group>"; };
		65443030247D8CF9007CAA81 /* ViewController.swift */ = {isa = PBXFileReference; lastKnownFileType = sourcecode.swift; path = ViewController.swift; sourceTree = "<group>"; };
		65443033247D8CF9007CAA81 /* Base */ = {isa = PBXFileReference; lastKnownFileType = file.storyboard; name = Base; path = Base.lproj/Main.storyboard; sourceTree = "<group>"; };
		65443035247D8CFB007CAA81 /* Assets.xcassets */ = {isa = PBXFileReference; lastKnownFileType = folder.assetcatalog; path = Assets.xcassets; sourceTree = "<group>"; };
		65443038247D8CFB007CAA81 /* Base */ = {isa = PBXFileReference; lastKnownFileType = file.storyboard; name = Base; path = Base.lproj/LaunchScreen.storyboard; sourceTree = "<group>"; };
		6544303A247D8CFB007CAA81 /* Info.plist */ = {isa = PBXFileReference; lastKnownFileType = text.plist.xml; path = Info.plist; sourceTree = "<group>"; };
		65443044247D8D37007CAA81 /* ShopperAdmin.app */ = {isa = PBXFileReference; explicitFileType = wrapper.application; includeInIndex = 0; path = ShopperAdmin.app; sourceTree = BUILT_PRODUCTS_DIR; };
		65443046247D8D37007CAA81 /* AppDelegate.swift */ = {isa = PBXFileReference; lastKnownFileType = sourcecode.swift; path = AppDelegate.swift; sourceTree = "<group>"; };
		65443048247D8D37007CAA81 /* SceneDelegate.swift */ = {isa = PBXFileReference; lastKnownFileType = sourcecode.swift; path = SceneDelegate.swift; sourceTree = "<group>"; };
		6544304A247D8D37007CAA81 /* ViewController.swift */ = {isa = PBXFileReference; lastKnownFileType = sourcecode.swift; path = ViewController.swift; sourceTree = "<group>"; };
		6544304D247D8D37007CAA81 /* Base */ = {isa = PBXFileReference; lastKnownFileType = file.storyboard; name = Base; path = Base.lproj/Main.storyboard; sourceTree = "<group>"; };
		65443052247D8D39007CAA81 /* Base */ = {isa = PBXFileReference; lastKnownFileType = file.storyboard; name = Base; path = Base.lproj/LaunchScreen.storyboard; sourceTree = "<group>"; };
		65443054247D8D39007CAA81 /* Info.plist */ = {isa = PBXFileReference; lastKnownFileType = text.plist.xml; path = Info.plist; sourceTree = "<group>"; };
		6544305A247D9AD4007CAA81 /* LoginStoryboard.storyboard */ = {isa = PBXFileReference; lastKnownFileType = file.storyboard; path = LoginStoryboard.storyboard; sourceTree = "<group>"; };
		6544305E247DCFF0007CAA81 /* GoogleService-Info.plist */ = {isa = PBXFileReference; fileEncoding = 4; lastKnownFileType = text.plist.xml; path = "GoogleService-Info.plist"; sourceTree = "<group>"; };
		65443060247DD683007CAA81 /* GoogleService-Info.plist */ = {isa = PBXFileReference; fileEncoding = 4; lastKnownFileType = text.plist.xml; path = "GoogleService-Info.plist"; sourceTree = "<group>"; };
		65B30768247DE38E007E1087 /* LoginVC.swift */ = {isa = PBXFileReference; lastKnownFileType = sourcecode.swift; path = LoginVC.swift; sourceTree = "<group>"; };
		65B3076A247DE3AC007E1087 /* RegisterVC.swift */ = {isa = PBXFileReference; lastKnownFileType = sourcecode.swift; path = RegisterVC.swift; sourceTree = "<group>"; };
		65B3076C247E0C85007E1087 /* Extension.swift */ = {isa = PBXFileReference; lastKnownFileType = sourcecode.swift; path = Extension.swift; sourceTree = "<group>"; };
		65B30771247E284E007E1087 /* Constant.swift */ = {isa = PBXFileReference; lastKnownFileType = sourcecode.swift; path = Constant.swift; sourceTree = "<group>"; };
		65B30774247ECAD1007E1087 /* RoundedView.swift */ = {isa = PBXFileReference; lastKnownFileType = sourcecode.swift; path = RoundedView.swift; sourceTree = "<group>"; };
		7F86C4BAC73AA01572B4F45C /* Pods-ShopperAdmin.debug.xcconfig */ = {isa = PBXFileReference; includeInIndex = 1; lastKnownFileType = text.xcconfig; name = "Pods-ShopperAdmin.debug.xcconfig"; path = "Target Support Files/Pods-ShopperAdmin/Pods-ShopperAdmin.debug.xcconfig"; sourceTree = "<group>"; };
		8DC086DD5A4A3F3837B2AE17 /* Pods_Shopper.framework */ = {isa = PBXFileReference; explicitFileType = wrapper.framework; includeInIndex = 0; path = Pods_Shopper.framework; sourceTree = BUILT_PRODUCTS_DIR; };
		CA81A233C8296FF0B52CC698 /* Pods-ShopperAdmin.release.xcconfig */ = {isa = PBXFileReference; includeInIndex = 1; lastKnownFileType = text.xcconfig; name = "Pods-ShopperAdmin.release.xcconfig"; path = "Target Support Files/Pods-ShopperAdmin/Pods-ShopperAdmin.release.xcconfig"; sourceTree = "<group>"; };
/* End PBXFileReference section */

/* Begin PBXFrameworksBuildPhase section */
		65443026247D8CF9007CAA81 /* Frameworks */ = {
			isa = PBXFrameworksBuildPhase;
			buildActionMask = 2147483647;
			files = (
				006DAFE9280F47E9B2F0AAF4 /* Pods_Shopper.framework in Frameworks */,
			);
			runOnlyForDeploymentPostprocessing = 0;
		};
		65443041247D8D37007CAA81 /* Frameworks */ = {
			isa = PBXFrameworksBuildPhase;
			buildActionMask = 2147483647;
			files = (
				E2E885B007AF1A59AC4913DD /* Pods_ShopperAdmin.framework in Frameworks */,
			);
			runOnlyForDeploymentPostprocessing = 0;
		};
/* End PBXFrameworksBuildPhase section */

/* Begin PBXGroup section */
		3F766D51728479E519B8AB37 /* Pods */ = {
			isa = PBXGroup;
			children = (
				20E1C7A5C4C36BBDEEC841A7 /* Pods-Shopper.debug.xcconfig */,
				16A96A45A3AD5ED29BAA103F /* Pods-Shopper.release.xcconfig */,
				7F86C4BAC73AA01572B4F45C /* Pods-ShopperAdmin.debug.xcconfig */,
				CA81A233C8296FF0B52CC698 /* Pods-ShopperAdmin.release.xcconfig */,
			);
			path = Pods;
			sourceTree = "<group>";
		};
		65443020247D8CF8007CAA81 = {
			isa = PBXGroup;
			children = (
				65443058247D8D4C007CAA81 /* Shared */,
				6544302B247D8CF9007CAA81 /* Shopper */,
				65443045247D8D37007CAA81 /* ShopperAdmin */,
				6544302A247D8CF9007CAA81 /* Products */,
				3F766D51728479E519B8AB37 /* Pods */,
				94BBB30CECAF96FB62DBA24C /* Frameworks */,
			);
			sourceTree = "<group>";
		};
		6544302A247D8CF9007CAA81 /* Products */ = {
			isa = PBXGroup;
			children = (
				65443029247D8CF9007CAA81 /* Shopper.app */,
				65443044247D8D37007CAA81 /* ShopperAdmin.app */,
			);
			name = Products;
			sourceTree = "<group>";
		};
		6544302B247D8CF9007CAA81 /* Shopper */ = {
			isa = PBXGroup;
			children = (
				65B30766247DDC78007E1087 /* Controller */,
				65B30765247DDC70007E1087 /* Model */,
				65B30764247DDC65007E1087 /* View */,
				65B30767247DDC83007E1087 /* Stroryboard */,
				6544302E247D8CF9007CAA81 /* SceneDelegate.swift */,
				6544303A247D8CFB007CAA81 /* Info.plist */,
				6544305E247DCFF0007CAA81 /* GoogleService-Info.plist */,
			);
			path = Shopper;
			sourceTree = "<group>";
		};
		65443045247D8D37007CAA81 /* ShopperAdmin */ = {
			isa = PBXGroup;
			children = (
				65443046247D8D37007CAA81 /* AppDelegate.swift */,
				65443048247D8D37007CAA81 /* SceneDelegate.swift */,
				6544304A247D8D37007CAA81 /* ViewController.swift */,
				6544304C247D8D37007CAA81 /* Main.storyboard */,
				65443051247D8D39007CAA81 /* LaunchScreen.storyboard */,
				65443054247D8D39007CAA81 /* Info.plist */,
				65443060247DD683007CAA81 /* GoogleService-Info.plist */,
			);
			path = ShopperAdmin;
			sourceTree = "<group>";
		};
		65443058247D8D4C007CAA81 /* Shared */ = {
			isa = PBXGroup;
			children = (
				65B30773247ECAC0007E1087 /* View */,
				65B3076E247E27F3007E1087 /* Utilities */,
				65443035247D8CFB007CAA81 /* Assets.xcassets */,
			);
			path = Shared;
			sourceTree = "<group>";
		};
		65B30764247DDC65007E1087 /* View */ = {
			isa = PBXGroup;
			children = (
			);
			path = View;
			sourceTree = "<group>";
		};
		65B30765247DDC70007E1087 /* Model */ = {
			isa = PBXGroup;
			children = (
			);
			path = Model;
			sourceTree = "<group>";
		};
		65B30766247DDC78007E1087 /* Controller */ = {
			isa = PBXGroup;
			children = (
				65B30768247DE38E007E1087 /* LoginVC.swift */,
				65B3076A247DE3AC007E1087 /* RegisterVC.swift */,
				6544302C247D8CF9007CAA81 /* AppDelegate.swift */,
				65443030247D8CF9007CAA81 /* ViewController.swift */,
			);
			path = Controller;
			sourceTree = "<group>";
		};
		65B30767247DDC83007E1087 /* Stroryboard */ = {
			isa = PBXGroup;
			children = (
				6544305A247D9AD4007CAA81 /* LoginStoryboard.storyboard */,
				65443032247D8CF9007CAA81 /* Main.storyboard */,
				65443037247D8CFB007CAA81 /* LaunchScreen.storyboard */,
			);
			path = Stroryboard;
			sourceTree = "<group>";
		};
		65B3076E247E27F3007E1087 /* Utilities */ = {
			isa = PBXGroup;
			children = (
				65B3076C247E0C85007E1087 /* Extension.swift */,
				65B30771247E284E007E1087 /* Constant.swift */,
			);
			path = Utilities;
			sourceTree = "<group>";
		};
		65B30773247ECAC0007E1087 /* View */ = {
			isa = PBXGroup;
			children = (
				65B30774247ECAD1007E1087 /* RoundedView.swift */,
			);
			path = View;
			sourceTree = "<group>";
		};
		94BBB30CECAF96FB62DBA24C /* Frameworks */ = {
			isa = PBXGroup;
			children = (
				8DC086DD5A4A3F3837B2AE17 /* Pods_Shopper.framework */,
				383BB9FC0EBD3A6F2F47550E /* Pods_ShopperAdmin.framework */,
			);
			name = Frameworks;
			sourceTree = "<group>";
		};
/* End PBXGroup section */

/* Begin PBXNativeTarget section */
		65443028247D8CF9007CAA81 /* Shopper */ = {
			isa = PBXNativeTarget;
			buildConfigurationList = 6544303D247D8CFB007CAA81 /* Build configuration list for PBXNativeTarget "Shopper" */;
			buildPhases = (
				4B9E2F5F14BB2964374F78B7 /* [CP] Check Pods Manifest.lock */,
				65443025247D8CF9007CAA81 /* Sources */,
				65443026247D8CF9007CAA81 /* Frameworks */,
				65443027247D8CF9007CAA81 /* Resources */,
				3C5356AA91823E8B67968C1D /* [CP] Embed Pods Frameworks */,
			);
			buildRules = (
			);
			dependencies = (
			);
			name = Shopper;
			productName = Shopper;
			productReference = 65443029247D8CF9007CAA81 /* Shopper.app */;
			productType = "com.apple.product-type.application";
		};
		65443043247D8D37007CAA81 /* ShopperAdmin */ = {
			isa = PBXNativeTarget;
			buildConfigurationList = 65443055247D8D39007CAA81 /* Build configuration list for PBXNativeTarget "ShopperAdmin" */;
			buildPhases = (
				3D8AB865F20176CAD744A9F3 /* [CP] Check Pods Manifest.lock */,
				65443040247D8D37007CAA81 /* Sources */,
				65443041247D8D37007CAA81 /* Frameworks */,
				65443042247D8D37007CAA81 /* Resources */,
				221E1C15CC6574A3BE972CDF /* [CP] Embed Pods Frameworks */,
			);
			buildRules = (
			);
			dependencies = (
			);
			name = ShopperAdmin;
			productName = ShopperAdmin;
			productReference = 65443044247D8D37007CAA81 /* ShopperAdmin.app */;
			productType = "com.apple.product-type.application";
		};
/* End PBXNativeTarget section */

/* Begin PBXProject section */
		65443021247D8CF8007CAA81 /* Project object */ = {
			isa = PBXProject;
			attributes = {
				LastSwiftUpdateCheck = 1130;
				LastUpgradeCheck = 1130;
				ORGANIZATIONNAME = makeurway.com;
				TargetAttributes = {
					65443028247D8CF9007CAA81 = {
						CreatedOnToolsVersion = 11.3.1;
					};
					65443043247D8D37007CAA81 = {
						CreatedOnToolsVersion = 11.3.1;
					};
				};
			};
			buildConfigurationList = 65443024247D8CF8007CAA81 /* Build configuration list for PBXProject "Shopper" */;
			compatibilityVersion = "Xcode 9.3";
			developmentRegion = en;
			hasScannedForEncodings = 0;
			knownRegions = (
				en,
				Base,
			);
			mainGroup = 65443020247D8CF8007CAA81;
			productRefGroup = 6544302A247D8CF9007CAA81 /* Products */;
			projectDirPath = "";
			projectRoot = "";
			targets = (
				65443028247D8CF9007CAA81 /* Shopper */,
				65443043247D8D37007CAA81 /* ShopperAdmin */,
			);
		};
/* End PBXProject section */

/* Begin PBXResourcesBuildPhase section */
		65443027247D8CF9007CAA81 /* Resources */ = {
			isa = PBXResourcesBuildPhase;
			buildActionMask = 2147483647;
			files = (
				65443039247D8CFB007CAA81 /* LaunchScreen.storyboard in Resources */,
				65443036247D8CFB007CAA81 /* Assets.xcassets in Resources */,
				6544305F247DCFF0007CAA81 /* GoogleService-Info.plist in Resources */,
				65443034247D8CF9007CAA81 /* Main.storyboard in Resources */,
				6544305B247D9AD4007CAA81 /* LoginStoryboard.storyboard in Resources */,
			);
			runOnlyForDeploymentPostprocessing = 0;
		};
		65443042247D8D37007CAA81 /* Resources */ = {
			isa = PBXResourcesBuildPhase;
			buildActionMask = 2147483647;
			files = (
				65443061247DD683007CAA81 /* GoogleService-Info.plist in Resources */,
				65443053247D8D39007CAA81 /* LaunchScreen.storyboard in Resources */,
				65443059247D8D61007CAA81 /* Assets.xcassets in Resources */,
				6544304E247D8D37007CAA81 /* Main.storyboard in Resources */,
			);
			runOnlyForDeploymentPostprocessing = 0;
		};
/* End PBXResourcesBuildPhase section */

/* Begin PBXShellScriptBuildPhase section */
		221E1C15CC6574A3BE972CDF /* [CP] Embed Pods Frameworks */ = {
			isa = PBXShellScriptBuildPhase;
			buildActionMask = 2147483647;
			files = (
			);
			inputFileListPaths = (
				"${PODS_ROOT}/Target Support Files/Pods-ShopperAdmin/Pods-ShopperAdmin-frameworks-${CONFIGURATION}-input-files.xcfilelist",
			);
			name = "[CP] Embed Pods Frameworks";
			outputFileListPaths = (
				"${PODS_ROOT}/Target Support Files/Pods-ShopperAdmin/Pods-ShopperAdmin-frameworks-${CONFIGURATION}-output-files.xcfilelist",
			);
			runOnlyForDeploymentPostprocessing = 0;
			shellPath = /bin/sh;
			shellScript = "\"${PODS_ROOT}/Target Support Files/Pods-ShopperAdmin/Pods-ShopperAdmin-frameworks.sh\"\n";
			showEnvVarsInLog = 0;
		};
		3C5356AA91823E8B67968C1D /* [CP] Embed Pods Frameworks */ = {
			isa = PBXShellScriptBuildPhase;
			buildActionMask = 2147483647;
			files = (
			);
			inputFileListPaths = (
				"${PODS_ROOT}/Target Support Files/Pods-Shopper/Pods-Shopper-frameworks-${CONFIGURATION}-input-files.xcfilelist",
			);
			name = "[CP] Embed Pods Frameworks";
			outputFileListPaths = (
				"${PODS_ROOT}/Target Support Files/Pods-Shopper/Pods-Shopper-frameworks-${CONFIGURATION}-output-files.xcfilelist",
			);
			runOnlyForDeploymentPostprocessing = 0;
			shellPath = /bin/sh;
			shellScript = "\"${PODS_ROOT}/Target Support Files/Pods-Shopper/Pods-Shopper-frameworks.sh\"\n";
			showEnvVarsInLog = 0;
		};
		3D8AB865F20176CAD744A9F3 /* [CP] Check Pods Manifest.lock */ = {
			isa = PBXShellScriptBuildPhase;
			buildActionMask = 2147483647;
			files = (
			);
			inputFileListPaths = (
			);
			inputPaths = (
				"${PODS_PODFILE_DIR_PATH}/Podfile.lock",
				"${PODS_ROOT}/Manifest.lock",
			);
			name = "[CP] Check Pods Manifest.lock";
			outputFileListPaths = (
			);
			outputPaths = (
				"$(DERIVED_FILE_DIR)/Pods-ShopperAdmin-checkManifestLockResult.txt",
			);
			runOnlyForDeploymentPostprocessing = 0;
			shellPath = /bin/sh;
			shellScript = "diff \"${PODS_PODFILE_DIR_PATH}/Podfile.lock\" \"${PODS_ROOT}/Manifest.lock\" > /dev/null\nif [ $? != 0 ] ; then\n    # print error to STDERR\n    echo \"error: The sandbox is not in sync with the Podfile.lock. Run 'pod install' or update your CocoaPods installation.\" >&2\n    exit 1\nfi\n# This output is used by Xcode 'outputs' to avoid re-running this script phase.\necho \"SUCCESS\" > \"${SCRIPT_OUTPUT_FILE_0}\"\n";
			showEnvVarsInLog = 0;
		};
		4B9E2F5F14BB2964374F78B7 /* [CP] Check Pods Manifest.lock */ = {
			isa = PBXShellScriptBuildPhase;
			buildActionMask = 2147483647;
			files = (
			);
			inputFileListPaths = (
			);
			inputPaths = (
				"${PODS_PODFILE_DIR_PATH}/Podfile.lock",
				"${PODS_ROOT}/Manifest.lock",
			);
			name = "[CP] Check Pods Manifest.lock";
			outputFileListPaths = (
			);
			outputPaths = (
				"$(DERIVED_FILE_DIR)/Pods-Shopper-checkManifestLockResult.txt",
			);
			runOnlyForDeploymentPostprocessing = 0;
			shellPath = /bin/sh;
			shellScript = "diff \"${PODS_PODFILE_DIR_PATH}/Podfile.lock\" \"${PODS_ROOT}/Manifest.lock\" > /dev/null\nif [ $? != 0 ] ; then\n    # print error to STDERR\n    echo \"error: The sandbox is not in sync with the Podfile.lock. Run 'pod install' or update your CocoaPods installation.\" >&2\n    exit 1\nfi\n# This output is used by Xcode 'outputs' to avoid re-running this script phase.\necho \"SUCCESS\" > \"${SCRIPT_OUTPUT_FILE_0}\"\n";
			showEnvVarsInLog = 0;
		};
/* End PBXShellScriptBuildPhase section */

/* Begin PBXSourcesBuildPhase section */
		65443025247D8CF9007CAA81 /* Sources */ = {
			isa = PBXSourcesBuildPhase;
			buildActionMask = 2147483647;
			files = (
				65B30775247ECAD1007E1087 /* RoundedView.swift in Sources */,
				65B30772247E284E007E1087 /* Constant.swift in Sources */,
				65443031247D8CF9007CAA81 /* ViewController.swift in Sources */,
				6544302D247D8CF9007CAA81 /* AppDelegate.swift in Sources */,
				65B30769247DE38E007E1087 /* LoginVC.swift in Sources */,
				65B3076D247E0C85007E1087 /* Extension.swift in Sources */,
				6544302F247D8CF9007CAA81 /* SceneDelegate.swift in Sources */,
				65B3076B247DE3AC007E1087 /* RegisterVC.swift in Sources */,
			);
			runOnlyForDeploymentPostprocessing = 0;
		};
		65443040247D8D37007CAA81 /* Sources */ = {
			isa = PBXSourcesBuildPhase;
			buildActionMask = 2147483647;
			files = (
				6544304B247D8D37007CAA81 /* ViewController.swift in Sources */,
				65443047247D8D37007CAA81 /* AppDelegate.swift in Sources */,
				65443049247D8D37007CAA81 /* SceneDelegate.swift in Sources */,
			);
			runOnlyForDeploymentPostprocessing = 0;
		};
/* End PBXSourcesBuildPhase section */

/* Begin PBXVariantGroup section */
		65443032247D8CF9007CAA81 /* Main.storyboard */ = {
			isa = PBXVariantGroup;
			children = (
				65443033247D8CF9007CAA81 /* Base */,
			);
			name = Main.storyboard;
			sourceTree = "<group>";
		};
		65443037247D8CFB007CAA81 /* LaunchScreen.storyboard */ = {
			isa = PBXVariantGroup;
			children = (
				65443038247D8CFB007CAA81 /* Base */,
			);
			name = LaunchScreen.storyboard;
			sourceTree = "<group>";
		};
		6544304C247D8D37007CAA81 /* Main.storyboard */ = {
			isa = PBXVariantGroup;
			children = (
				6544304D247D8D37007CAA81 /* Base */,
			);
			name = Main.storyboard;
			sourceTree = "<group>";
		};
		65443051247D8D39007CAA81 /* LaunchScreen.storyboard */ = {
			isa = PBXVariantGroup;
			children = (
				65443052247D8D39007CAA81 /* Base */,
			);
			name = LaunchScreen.storyboard;
			sourceTree = "<group>";
		};
/* End PBXVariantGroup section */

/* Begin XCBuildConfiguration section */
		6544303B247D8CFB007CAA81 /* Debug */ = {
			isa = XCBuildConfiguration;
			buildSettings = {
				ALWAYS_SEARCH_USER_PATHS = NO;
				CLANG_ANALYZER_NONNULL = YES;
				CLANG_ANALYZER_NUMBER_OBJECT_CONVERSION = YES_AGGRESSIVE;
				CLANG_CXX_LANGUAGE_STANDARD = "gnu++14";
				CLANG_CXX_LIBRARY = "libc++";
				CLANG_ENABLE_MODULES = YES;
				CLANG_ENABLE_OBJC_ARC = YES;
				CLANG_ENABLE_OBJC_WEAK = YES;
				CLANG_WARN_BLOCK_CAPTURE_AUTORELEASING = YES;
				CLANG_WARN_BOOL_CONVERSION = YES;
				CLANG_WARN_COMMA = YES;
				CLANG_WARN_CONSTANT_CONVERSION = YES;
				CLANG_WARN_DEPRECATED_OBJC_IMPLEMENTATIONS = YES;
				CLANG_WARN_DIRECT_OBJC_ISA_USAGE = YES_ERROR;
				CLANG_WARN_DOCUMENTATION_COMMENTS = YES;
				CLANG_WARN_EMPTY_BODY = YES;
				CLANG_WARN_ENUM_CONVERSION = YES;
				CLANG_WARN_INFINITE_RECURSION = YES;
				CLANG_WARN_INT_CONVERSION = YES;
				CLANG_WARN_NON_LITERAL_NULL_CONVERSION = YES;
				CLANG_WARN_OBJC_IMPLICIT_RETAIN_SELF = YES;
				CLANG_WARN_OBJC_LITERAL_CONVERSION = YES;
				CLANG_WARN_OBJC_ROOT_CLASS = YES_ERROR;
				CLANG_WARN_RANGE_LOOP_ANALYSIS = YES;
				CLANG_WARN_STRICT_PROTOTYPES = YES;
				CLANG_WARN_SUSPICIOUS_MOVE = YES;
				CLANG_WARN_UNGUARDED_AVAILABILITY = YES_AGGRESSIVE;
				CLANG_WARN_UNREACHABLE_CODE = YES;
				CLANG_WARN__DUPLICATE_METHOD_MATCH = YES;
				COPY_PHASE_STRIP = NO;
				DEBUG_INFORMATION_FORMAT = dwarf;
				ENABLE_STRICT_OBJC_MSGSEND = YES;
				ENABLE_TESTABILITY = YES;
				GCC_C_LANGUAGE_STANDARD = gnu11;
				GCC_DYNAMIC_NO_PIC = NO;
				GCC_NO_COMMON_BLOCKS = YES;
				GCC_OPTIMIZATION_LEVEL = 0;
				GCC_PREPROCESSOR_DEFINITIONS = (
					"DEBUG=1",
					"$(inherited)",
				);
				GCC_WARN_64_TO_32_BIT_CONVERSION = YES;
				GCC_WARN_ABOUT_RETURN_TYPE = YES_ERROR;
				GCC_WARN_UNDECLARED_SELECTOR = YES;
				GCC_WARN_UNINITIALIZED_AUTOS = YES_AGGRESSIVE;
				GCC_WARN_UNUSED_FUNCTION = YES;
				GCC_WARN_UNUSED_VARIABLE = YES;
				IPHONEOS_DEPLOYMENT_TARGET = 13.2;
				MTL_ENABLE_DEBUG_INFO = INCLUDE_SOURCE;
				MTL_FAST_MATH = YES;
				ONLY_ACTIVE_ARCH = YES;
				SDKROOT = iphoneos;
				SWIFT_ACTIVE_COMPILATION_CONDITIONS = DEBUG;
				SWIFT_OPTIMIZATION_LEVEL = "-Onone";
			};
			name = Debug;
		};
		6544303C247D8CFB007CAA81 /* Release */ = {
			isa = XCBuildConfiguration;
			buildSettings = {
				ALWAYS_SEARCH_USER_PATHS = NO;
				CLANG_ANALYZER_NONNULL = YES;
				CLANG_ANALYZER_NUMBER_OBJECT_CONVERSION = YES_AGGRESSIVE;
				CLANG_CXX_LANGUAGE_STANDARD = "gnu++14";
				CLANG_CXX_LIBRARY = "libc++";
				CLANG_ENABLE_MODULES = YES;
				CLANG_ENABLE_OBJC_ARC = YES;
				CLANG_ENABLE_OBJC_WEAK = YES;
				CLANG_WARN_BLOCK_CAPTURE_AUTORELEASING = YES;
				CLANG_WARN_BOOL_CONVERSION = YES;
				CLANG_WARN_COMMA = YES;
				CLANG_WARN_CONSTANT_CONVERSION = YES;
				CLANG_WARN_DEPRECATED_OBJC_IMPLEMENTATIONS = YES;
				CLANG_WARN_DIRECT_OBJC_ISA_USAGE = YES_ERROR;
				CLANG_WARN_DOCUMENTATION_COMMENTS = YES;
				CLANG_WARN_EMPTY_BODY = YES;
				CLANG_WARN_ENUM_CONVERSION = YES;
				CLANG_WARN_INFINITE_RECURSION = YES;
				CLANG_WARN_INT_CONVERSION = YES;
				CLANG_WARN_NON_LITERAL_NULL_CONVERSION = YES;
				CLANG_WARN_OBJC_IMPLICIT_RETAIN_SELF = YES;
				CLANG_WARN_OBJC_LITERAL_CONVERSION = YES;
				CLANG_WARN_OBJC_ROOT_CLASS = YES_ERROR;
				CLANG_WARN_RANGE_LOOP_ANALYSIS = YES;
				CLANG_WARN_STRICT_PROTOTYPES = YES;
				CLANG_WARN_SUSPICIOUS_MOVE = YES;
				CLANG_WARN_UNGUARDED_AVAILABILITY = YES_AGGRESSIVE;
				CLANG_WARN_UNREACHABLE_CODE = YES;
				CLANG_WARN__DUPLICATE_METHOD_MATCH = YES;
				COPY_PHASE_STRIP = NO;
				DEBUG_INFORMATION_FORMAT = "dwarf-with-dsym";
				ENABLE_NS_ASSERTIONS = NO;
				ENABLE_STRICT_OBJC_MSGSEND = YES;
				GCC_C_LANGUAGE_STANDARD = gnu11;
				GCC_NO_COMMON_BLOCKS = YES;
				GCC_WARN_64_TO_32_BIT_CONVERSION = YES;
				GCC_WARN_ABOUT_RETURN_TYPE = YES_ERROR;
				GCC_WARN_UNDECLARED_SELECTOR = YES;
				GCC_WARN_UNINITIALIZED_AUTOS = YES_AGGRESSIVE;
				GCC_WARN_UNUSED_FUNCTION = YES;
				GCC_WARN_UNUSED_VARIABLE = YES;
				IPHONEOS_DEPLOYMENT_TARGET = 13.2;
				MTL_ENABLE_DEBUG_INFO = NO;
				MTL_FAST_MATH = YES;
				SDKROOT = iphoneos;
				SWIFT_COMPILATION_MODE = wholemodule;
				SWIFT_OPTIMIZATION_LEVEL = "-O";
				VALIDATE_PRODUCT = YES;
			};
			name = Release;
		};
		6544303E247D8CFB007CAA81 /* Debug */ = {
			isa = XCBuildConfiguration;
			baseConfigurationReference = 20E1C7A5C4C36BBDEEC841A7 /* Pods-Shopper.debug.xcconfig */;
			buildSettings = {
				ASSETCATALOG_COMPILER_APPICON_NAME = AppIcon;
				CODE_SIGN_STYLE = Automatic;
				DEVELOPMENT_TEAM = 5J65KFMVT3;
				INFOPLIST_FILE = Shopper/Info.plist;
				LD_RUNPATH_SEARCH_PATHS = (
					"$(inherited)",
					"@executable_path/Frameworks",
				);
				PRODUCT_BUNDLE_IDENTIFIER = com.makeurway.Shopper;
				PRODUCT_NAME = "$(TARGET_NAME)";
				SWIFT_VERSION = 5.0;
				TARGETED_DEVICE_FAMILY = "1,2";
			};
			name = Debug;
		};
		6544303F247D8CFB007CAA81 /* Release */ = {
			isa = XCBuildConfiguration;
			baseConfigurationReference = 16A96A45A3AD5ED29BAA103F /* Pods-Shopper.release.xcconfig */;
			buildSettings = {
				ASSETCATALOG_COMPILER_APPICON_NAME = AppIcon;
				CODE_SIGN_STYLE = Automatic;
				DEVELOPMENT_TEAM = 5J65KFMVT3;
				INFOPLIST_FILE = Shopper/Info.plist;
				LD_RUNPATH_SEARCH_PATHS = (
					"$(inherited)",
					"@executable_path/Frameworks",
				);
				PRODUCT_BUNDLE_IDENTIFIER = com.makeurway.Shopper;
				PRODUCT_NAME = "$(TARGET_NAME)";
				SWIFT_VERSION = 5.0;
				TARGETED_DEVICE_FAMILY = "1,2";
			};
			name = Release;
		};
		65443056247D8D39007CAA81 /* Debug */ = {
			isa = XCBuildConfiguration;
			baseConfigurationReference = 7F86C4BAC73AA01572B4F45C /* Pods-ShopperAdmin.debug.xcconfig */;
			buildSettings = {
				ASSETCATALOG_COMPILER_APPICON_NAME = AppIcon;
				CODE_SIGN_STYLE = Automatic;
				DEVELOPMENT_TEAM = 5J65KFMVT3;
				INFOPLIST_FILE = ShopperAdmin/Info.plist;
				LD_RUNPATH_SEARCH_PATHS = (
					"$(inherited)",
					"@executable_path/Frameworks",
				);
				PRODUCT_BUNDLE_IDENTIFIER = com.makeurway.ShopperAdmin;
				PRODUCT_NAME = "$(TARGET_NAME)";
				SWIFT_VERSION = 5.0;
				TARGETED_DEVICE_FAMILY = "1,2";
			};
			name = Debug;
		};
		65443057247D8D39007CAA81 /* Release */ = {
			isa = XCBuildConfiguration;
			baseConfigurationReference = CA81A233C8296FF0B52CC698 /* Pods-ShopperAdmin.release.xcconfig */;
			buildSettings = {
				ASSETCATALOG_COMPILER_APPICON_NAME = AppIcon;
				CODE_SIGN_STYLE = Automatic;
				DEVELOPMENT_TEAM = 5J65KFMVT3;
				INFOPLIST_FILE = ShopperAdmin/Info.plist;
				LD_RUNPATH_SEARCH_PATHS = (
					"$(inherited)",
					"@executable_path/Frameworks",
				);
				PRODUCT_BUNDLE_IDENTIFIER = com.makeurway.ShopperAdmin;
				PRODUCT_NAME = "$(TARGET_NAME)";
				SWIFT_VERSION = 5.0;
				TARGETED_DEVICE_FAMILY = "1,2";
			};
			name = Release;
		};
/* End XCBuildConfiguration section */

/* Begin XCConfigurationList section */
		65443024247D8CF8007CAA81 /* Build configuration list for PBXProject "Shopper" */ = {
			isa = XCConfigurationList;
			buildConfigurations = (
				6544303B247D8CFB007CAA81 /* Debug */,
				6544303C247D8CFB007CAA81 /* Release */,
			);
			defaultConfigurationIsVisible = 0;
			defaultConfigurationName = Release;
		};
		6544303D247D8CFB007CAA81 /* Build configuration list for PBXNativeTarget "Shopper" */ = {
			isa = XCConfigurationList;
			buildConfigurations = (
				6544303E247D8CFB007CAA81 /* Debug */,
				6544303F247D8CFB007CAA81 /* Release */,
			);
			defaultConfigurationIsVisible = 0;
			defaultConfigurationName = Release;
		};
		65443055247D8D39007CAA81 /* Build configuration list for PBXNativeTarget "ShopperAdmin" */ = {
			isa = XCConfigurationList;
			buildConfigurations = (
				65443056247D8D39007CAA81 /* Debug */,
				65443057247D8D39007CAA81 /* Release */,
			);
			defaultConfigurationIsVisible = 0;
			defaultConfigurationName = Release;
		};
/* End XCConfigurationList section */
	};
	rootObject = 65443021247D8CF8007CAA81 /* Project object */;
}
